
Microsoft Visual Studio Solution File, Format Version 12.00
# Visual Studio Version 17
VisualStudioVersion = 17.8.34330.188
MinimumVisualStudioVersion = 10.0.40219.1
Project("{2150E333-8FDC-42A3-9474-1A3956D46DE8}") = "src", "src", "{093BAEBB-CDFE-4CEF-B604-CD66F5F0F0AA}"
EndProject
Project("{2150E333-8FDC-42A3-9474-1A3956D46DE8}") = "0 - Building Blocks", "0 - Building Blocks", "{643058F2-AFB5-4E83-AB6D-7B491F61E8C9}"
EndProject
Project("{2150E333-8FDC-42A3-9474-1A3956D46DE8}") = "1 - Presentation", "1 - Presentation", "{D4418BFE-A3DC-463D-BCA5-AEDFAD83174D}"
EndProject
Project("{2150E333-8FDC-42A3-9474-1A3956D46DE8}") = "2 - Services", "2 - Services", "{4E8CBC68-1D0F-4A86-A40E-9ED88C732740}"
EndProject
Project("{2150E333-8FDC-42A3-9474-1A3956D46DE8}") = "3 - Application", "3 - Application", "{94FFC2A5-2F0D-49EE-BB00-F9A0CF423E93}"
EndProject
Project("{2150E333-8FDC-42A3-9474-1A3956D46DE8}") = "4 - Domain", "4 - Domain", "{F49183D4-4D4D-4F19-9ECA-32B2A1DABEF6}"
EndProject
Project("{2150E333-8FDC-42A3-9474-1A3956D46DE8}") = "5 - Infra", "5 - Infra", "{B94F2D32-78D6-4B43-860B-905AAEC62947}"
EndProject
Project("{2150E333-8FDC-42A3-9474-1A3956D46DE8}") = "6 - Test", "6 - Test", "{475E388F-B736-48A0-821E-E3C486465340}"
EndProject
Project("{FAE04EC0-301F-11D3-BF4B-00C04F79EFBC}") = "Calculadora.Core", "src\Calculadora.Core\Calculadora.Core.csproj", "{033D9C82-CFB1-4A96-A3C5-FDA2F268C405}"
EndProject
Project("{FAE04EC0-301F-11D3-BF4B-00C04F79EFBC}") = "Calculadora.Admin", "src\Calculadora.Admin\Calculadora.Admin.csproj", "{A0B43057-1322-4B9F-AF7F-23EF68FE5174}"
EndProject
Project("{FAE04EC0-301F-11D3-BF4B-00C04F79EFBC}") = "Calculadora.API", "src\Calculadora.API\Calculadora.API.csproj", "{64144023-6CDE-46E4-92C1-ED2864065338}"
EndProject
Project("{FAE04EC0-301F-11D3-BF4B-00C04F79EFBC}") = "Calculadora.Application", "src\Calculadora.Application\Calculadora.Application.csproj", "{BF2EB79F-E346-491D-880A-EDF2C416C9B5}"
EndProject
Project("{FAE04EC0-301F-11D3-BF4B-00C04F79EFBC}") = "Calculadora.Domain", "src\Calculadora.Domain\Calculadora.Domain.csproj", "{F4C8198F-58B3-4619-B012-D22BCE5714D7}"
EndProject
Project("{FAE04EC0-301F-11D3-BF4B-00C04F79EFBC}") = "Calculadora.Domain.Shared", "src\Calculadora.Domain.Shared\Calculadora.Domain.Shared.csproj", "{20C701EF-F2DB-4FB6-809F-09953FD82864}"
EndProject
Project("{FAE04EC0-301F-11D3-BF4B-00C04F79EFBC}") = "Calculadora.Infra.CrossCutting.IoC", "src\Calculadora.Infra.CrossCutting.IoC\Calculadora.Infra.CrossCutting.IoC.csproj", "{5ADB177D-A954-46F0-B3E3-3D247CD5DA05}"
EndProject
Project("{FAE04EC0-301F-11D3-BF4B-00C04F79EFBC}") = "Calculadora.Infra.Data", "src\Calculadora.Infra.Data\Calculadora.Infra.Data.csproj", "{F75B6D96-A8FA-4BB2-B1DD-766769002373}"
EndProject
Global
	GlobalSection(SolutionConfigurationPlatforms) = preSolution
		Debug|Any CPU = Debug|Any CPU
		Release|Any CPU = Release|Any CPU
	EndGlobalSection
	GlobalSection(ProjectConfigurationPlatforms) = postSolution
		{033D9C82-CFB1-4A96-A3C5-FDA2F268C405}.Debug|Any CPU.ActiveCfg = Debug|Any CPU
		{033D9C82-CFB1-4A96-A3C5-FDA2F268C405}.Debug|Any CPU.Build.0 = Debug|Any CPU
		{033D9C82-CFB1-4A96-A3C5-FDA2F268C405}.Release|Any CPU.ActiveCfg = Release|Any CPU
		{033D9C82-CFB1-4A96-A3C5-FDA2F268C405}.Release|Any CPU.Build.0 = Release|Any CPU
		{A0B43057-1322-4B9F-AF7F-23EF68FE5174}.Debug|Any CPU.ActiveCfg = Debug|Any CPU
		{A0B43057-1322-4B9F-AF7F-23EF68FE5174}.Debug|Any CPU.Build.0 = Debug|Any CPU
		{A0B43057-1322-4B9F-AF7F-23EF68FE5174}.Release|Any CPU.ActiveCfg = Release|Any CPU
		{A0B43057-1322-4B9F-AF7F-23EF68FE5174}.Release|Any CPU.Build.0 = Release|Any CPU
		{64144023-6CDE-46E4-92C1-ED2864065338}.Debug|Any CPU.ActiveCfg = Debug|Any CPU
		{64144023-6CDE-46E4-92C1-ED2864065338}.Debug|Any CPU.Build.0 = Debug|Any CPU
		{64144023-6CDE-46E4-92C1-ED2864065338}.Release|Any CPU.ActiveCfg = Release|Any CPU
		{64144023-6CDE-46E4-92C1-ED2864065338}.Release|Any CPU.Build.0 = Release|Any CPU
		{BF2EB79F-E346-491D-880A-EDF2C416C9B5}.Debug|Any CPU.ActiveCfg = Debug|Any CPU
		{BF2EB79F-E346-491D-880A-EDF2C416C9B5}.Debug|Any CPU.Build.0 = Debug|Any CPU
		{BF2EB79F-E346-491D-880A-EDF2C416C9B5}.Release|Any CPU.ActiveCfg = Release|Any CPU
		{BF2EB79F-E346-491D-880A-EDF2C416C9B5}.Release|Any CPU.Build.0 = Release|Any CPU
		{F4C8198F-58B3-4619-B012-D22BCE5714D7}.Debug|Any CPU.ActiveCfg = Debug|Any CPU
		{F4C8198F-58B3-4619-B012-D22BCE5714D7}.Debug|Any CPU.Build.0 = Debug|Any CPU
		{F4C8198F-58B3-4619-B012-D22BCE5714D7}.Release|Any CPU.ActiveCfg = Release|Any CPU
		{F4C8198F-58B3-4619-B012-D22BCE5714D7}.Release|Any CPU.Build.0 = Release|Any CPU
		{20C701EF-F2DB-4FB6-809F-09953FD82864}.Debug|Any CPU.ActiveCfg = Debug|Any CPU
		{20C701EF-F2DB-4FB6-809F-09953FD82864}.Debug|Any CPU.Build.0 = Debug|Any CPU
		{20C701EF-F2DB-4FB6-809F-09953FD82864}.Release|Any CPU.ActiveCfg = Release|Any CPU
		{20C701EF-F2DB-4FB6-809F-09953FD82864}.Release|Any CPU.Build.0 = Release|Any CPU
		{5ADB177D-A954-46F0-B3E3-3D247CD5DA05}.Debug|Any CPU.ActiveCfg = Debug|Any CPU
		{5ADB177D-A954-46F0-B3E3-3D247CD5DA05}.Debug|Any CPU.Build.0 = Debug|Any CPU
		{5ADB177D-A954-46F0-B3E3-3D247CD5DA05}.Release|Any CPU.ActiveCfg = Release|Any CPU
		{5ADB177D-A954-46F0-B3E3-3D247CD5DA05}.Release|Any CPU.Build.0 = Release|Any CPU
		{F75B6D96-A8FA-4BB2-B1DD-766769002373}.Debug|Any CPU.ActiveCfg = Debug|Any CPU
		{F75B6D96-A8FA-4BB2-B1DD-766769002373}.Debug|Any CPU.Build.0 = Debug|Any CPU
		{F75B6D96-A8FA-4BB2-B1DD-766769002373}.Release|Any CPU.ActiveCfg = Release|Any CPU
		{F75B6D96-A8FA-4BB2-B1DD-766769002373}.Release|Any CPU.Build.0 = Release|Any CPU
	EndGlobalSection
	GlobalSection(SolutionProperties) = preSolution
		HideSolutionNode = FALSE
	EndGlobalSection
	GlobalSection(NestedProjects) = preSolution
		{643058F2-AFB5-4E83-AB6D-7B491F61E8C9} = {093BAEBB-CDFE-4CEF-B604-CD66F5F0F0AA}
		{D4418BFE-A3DC-463D-BCA5-AEDFAD83174D} = {093BAEBB-CDFE-4CEF-B604-CD66F5F0F0AA}
		{4E8CBC68-1D0F-4A86-A40E-9ED88C732740} = {093BAEBB-CDFE-4CEF-B604-CD66F5F0F0AA}
		{94FFC2A5-2F0D-49EE-BB00-F9A0CF423E93} = {093BAEBB-CDFE-4CEF-B604-CD66F5F0F0AA}
		{F49183D4-4D4D-4F19-9ECA-32B2A1DABEF6} = {093BAEBB-CDFE-4CEF-B604-CD66F5F0F0AA}
		{B94F2D32-78D6-4B43-860B-905AAEC62947} = {093BAEBB-CDFE-4CEF-B604-CD66F5F0F0AA}
		{475E388F-B736-48A0-821E-E3C486465340} = {093BAEBB-CDFE-4CEF-B604-CD66F5F0F0AA}
		{033D9C82-CFB1-4A96-A3C5-FDA2F268C405} = {643058F2-AFB5-4E83-AB6D-7B491F61E8C9}
		{A0B43057-1322-4B9F-AF7F-23EF68FE5174} = {D4418BFE-A3DC-463D-BCA5-AEDFAD83174D}
		{64144023-6CDE-46E4-92C1-ED2864065338} = {4E8CBC68-1D0F-4A86-A40E-9ED88C732740}
		{BF2EB79F-E346-491D-880A-EDF2C416C9B5} = {94FFC2A5-2F0D-49EE-BB00-F9A0CF423E93}
		{F4C8198F-58B3-4619-B012-D22BCE5714D7} = {F49183D4-4D4D-4F19-9ECA-32B2A1DABEF6}
		{20C701EF-F2DB-4FB6-809F-09953FD82864} = {F49183D4-4D4D-4F19-9ECA-32B2A1DABEF6}
		{5ADB177D-A954-46F0-B3E3-3D247CD5DA05} = {B94F2D32-78D6-4B43-860B-905AAEC62947}
		{F75B6D96-A8FA-4BB2-B1DD-766769002373} = {B94F2D32-78D6-4B43-860B-905AAEC62947}
	EndGlobalSection
	GlobalSection(ExtensibilityGlobals) = postSolution
		SolutionGuid = {0F89ED12-E04B-4A91-A34B-E8E7B507205A}
	EndGlobalSection
EndGlobal
