
Microsoft Visual Studio Solution File, Format Version 12.00
# Visual Studio Version 17
VisualStudioVersion = 17.8.34330.188
MinimumVisualStudioVersion = 10.0.40219.1
Project("{2150E333-8FDC-42A3-9474-1A3956D46DE8}") = "Exercicios", "Exercicios", "{9493D1FF-2FDB-4D94-A577-A564B84485F5}"
EndProject
Project("{9A19103F-16F7-4668-BE54-9A1E7A4F7556}") = "02", "src\02\02.csproj", "{9D503228-6A90-4FA9-A843-EAEF27255625}"
EndProject
Project("{9A19103F-16F7-4668-BE54-9A1E7A4F7556}") = "03", "src\03\03.csproj", "{8EC8AE1B-022A-4E0F-82EF-EF4F245FD152}"
EndProject
Project("{9A19103F-16F7-4668-BE54-9A1E7A4F7556}") = "04", "src\04\04.csproj", "{B6221401-E463-488B-B66B-091686880712}"
EndProject
Project("{FAE04EC0-301F-11D3-BF4B-00C04F79EFBC}") = "05", "src\05\05.csproj", "{D618944B-09E8-4A91-BC1D-80633FA7D7E4}"
EndProject
Project("{FAE04EC0-301F-11D3-BF4B-00C04F79EFBC}") = "01", "src\01\01.csproj", "{DBA6CD53-D29C-4C5E-91AC-8A8AF46C2133}"
EndProject
Project("{FAE04EC0-301F-11D3-BF4B-00C04F79EFBC}") = "06", "src\06\06.csproj", "{28678DD6-DE54-4C65-9248-69C9AF39F9B3}"
EndProject
Project("{FAE04EC0-301F-11D3-BF4B-00C04F79EFBC}") = "07", "src\07\07.csproj", "{B7C1B5B7-8BD3-42AC-BAEF-C685224B8612}"
EndProject
Project("{FAE04EC0-301F-11D3-BF4B-00C04F79EFBC}") = "08", "src\08\08.csproj", "{9E239C95-4154-4219-B983-802AF16EC120}"
EndProject
Global
	GlobalSection(SolutionConfigurationPlatforms) = preSolution
		Debug|Any CPU = Debug|Any CPU
		Release|Any CPU = Release|Any CPU
	EndGlobalSection
	GlobalSection(ProjectConfigurationPlatforms) = postSolution
		{9D503228-6A90-4FA9-A843-EAEF27255625}.Debug|Any CPU.ActiveCfg = Debug|Any CPU
		{9D503228-6A90-4FA9-A843-EAEF27255625}.Debug|Any CPU.Build.0 = Debug|Any CPU
		{9D503228-6A90-4FA9-A843-EAEF27255625}.Release|Any CPU.ActiveCfg = Release|Any CPU
		{9D503228-6A90-4FA9-A843-EAEF27255625}.Release|Any CPU.Build.0 = Release|Any CPU
		{8EC8AE1B-022A-4E0F-82EF-EF4F245FD152}.Debug|Any CPU.ActiveCfg = Debug|Any CPU
		{8EC8AE1B-022A-4E0F-82EF-EF4F245FD152}.Debug|Any CPU.Build.0 = Debug|Any CPU
		{8EC8AE1B-022A-4E0F-82EF-EF4F245FD152}.Release|Any CPU.ActiveCfg = Release|Any CPU
		{8EC8AE1B-022A-4E0F-82EF-EF4F245FD152}.Release|Any CPU.Build.0 = Release|Any CPU
		{B6221401-E463-488B-B66B-091686880712}.Debug|Any CPU.ActiveCfg = Debug|Any CPU
		{B6221401-E463-488B-B66B-091686880712}.Debug|Any CPU.Build.0 = Debug|Any CPU
		{B6221401-E463-488B-B66B-091686880712}.Release|Any CPU.ActiveCfg = Release|Any CPU
		{B6221401-E463-488B-B66B-091686880712}.Release|Any CPU.Build.0 = Release|Any CPU
		{D618944B-09E8-4A91-BC1D-80633FA7D7E4}.Debug|Any CPU.ActiveCfg = Debug|Any CPU
		{D618944B-09E8-4A91-BC1D-80633FA7D7E4}.Debug|Any CPU.Build.0 = Debug|Any CPU
		{D618944B-09E8-4A91-BC1D-80633FA7D7E4}.Release|Any CPU.ActiveCfg = Release|Any CPU
		{D618944B-09E8-4A91-BC1D-80633FA7D7E4}.Release|Any CPU.Build.0 = Release|Any CPU
		{DBA6CD53-D29C-4C5E-91AC-8A8AF46C2133}.Debug|Any CPU.ActiveCfg = Debug|Any CPU
		{DBA6CD53-D29C-4C5E-91AC-8A8AF46C2133}.Debug|Any CPU.Build.0 = Debug|Any CPU
		{DBA6CD53-D29C-4C5E-91AC-8A8AF46C2133}.Release|Any CPU.ActiveCfg = Release|Any CPU
		{DBA6CD53-D29C-4C5E-91AC-8A8AF46C2133}.Release|Any CPU.Build.0 = Release|Any CPU
		{28678DD6-DE54-4C65-9248-69C9AF39F9B3}.Debug|Any CPU.ActiveCfg = Debug|Any CPU
		{28678DD6-DE54-4C65-9248-69C9AF39F9B3}.Debug|Any CPU.Build.0 = Debug|Any CPU
		{28678DD6-DE54-4C65-9248-69C9AF39F9B3}.Release|Any CPU.ActiveCfg = Release|Any CPU
		{28678DD6-DE54-4C65-9248-69C9AF39F9B3}.Release|Any CPU.Build.0 = Release|Any CPU
		{B7C1B5B7-8BD3-42AC-BAEF-C685224B8612}.Debug|Any CPU.ActiveCfg = Debug|Any CPU
		{B7C1B5B7-8BD3-42AC-BAEF-C685224B8612}.Debug|Any CPU.Build.0 = Debug|Any CPU
		{B7C1B5B7-8BD3-42AC-BAEF-C685224B8612}.Release|Any CPU.ActiveCfg = Release|Any CPU
		{B7C1B5B7-8BD3-42AC-BAEF-C685224B8612}.Release|Any CPU.Build.0 = Release|Any CPU
		{9E239C95-4154-4219-B983-802AF16EC120}.Debug|Any CPU.ActiveCfg = Debug|Any CPU
		{9E239C95-4154-4219-B983-802AF16EC120}.Debug|Any CPU.Build.0 = Debug|Any CPU
		{9E239C95-4154-4219-B983-802AF16EC120}.Release|Any CPU.ActiveCfg = Release|Any CPU
		{9E239C95-4154-4219-B983-802AF16EC120}.Release|Any CPU.Build.0 = Release|Any CPU
	EndGlobalSection
	GlobalSection(SolutionProperties) = preSolution
		HideSolutionNode = FALSE
	EndGlobalSection
	GlobalSection(NestedProjects) = preSolution
		{9D503228-6A90-4FA9-A843-EAEF27255625} = {9493D1FF-2FDB-4D94-A577-A564B84485F5}
		{8EC8AE1B-022A-4E0F-82EF-EF4F245FD152} = {9493D1FF-2FDB-4D94-A577-A564B84485F5}
		{B6221401-E463-488B-B66B-091686880712} = {9493D1FF-2FDB-4D94-A577-A564B84485F5}
		{D618944B-09E8-4A91-BC1D-80633FA7D7E4} = {9493D1FF-2FDB-4D94-A577-A564B84485F5}
		{DBA6CD53-D29C-4C5E-91AC-8A8AF46C2133} = {9493D1FF-2FDB-4D94-A577-A564B84485F5}
		{28678DD6-DE54-4C65-9248-69C9AF39F9B3} = {9493D1FF-2FDB-4D94-A577-A564B84485F5}
		{B7C1B5B7-8BD3-42AC-BAEF-C685224B8612} = {9493D1FF-2FDB-4D94-A577-A564B84485F5}
		{9E239C95-4154-4219-B983-802AF16EC120} = {9493D1FF-2FDB-4D94-A577-A564B84485F5}
	EndGlobalSection
	GlobalSection(ExtensibilityGlobals) = postSolution
		SolutionGuid = {0F89ED12-E04B-4A91-A34B-E8E7B507205A}
	EndGlobalSection
EndGlobal
